
Microsoft Visual Studio Solution File, Format Version 12.00
# Visual Studio Version 16
VisualStudioVersion = 16.0.33328.57
MinimumVisualStudioVersion = 10.0.40219.1
Project("{FAE04EC0-301F-11D3-BF4B-00C04F79EFBC}") = "Conexion", "Conexion\Conexion.csproj", "{DC16FF85-A057-4E24-9458-E7868CB2D7C5}"
EndProject
Global
	GlobalSection(SolutionConfigurationPlatforms) = preSolution
		Debug|Any CPU = Debug|Any CPU
		Release|Any CPU = Release|Any CPU
	EndGlobalSection
	GlobalSection(ProjectConfigurationPlatforms) = postSolution
		{DC16FF85-A057-4E24-9458-E7868CB2D7C5}.Debug|Any CPU.ActiveCfg = Debug|Any CPU
		{DC16FF85-A057-4E24-9458-E7868CB2D7C5}.Debug|Any CPU.Build.0 = Debug|Any CPU
		{DC16FF85-A057-4E24-9458-E7868CB2D7C5}.Release|Any CPU.ActiveCfg = Release|Any CPU
		{DC16FF85-A057-4E24-9458-E7868CB2D7C5}.Release|Any CPU.Build.0 = Release|Any CPU
	EndGlobalSection
	GlobalSection(SolutionProperties) = preSolution
		HideSolutionNode = FALSE
	EndGlobalSection
	GlobalSection(ExtensibilityGlobals) = postSolution
		SolutionGuid = {3CA35AE2-3187-4AB5-A082-1BC4B53C23A7}
	EndGlobalSection
EndGlobal
